
Microsoft Visual Studio Solution File, Format Version 12.00
# Visual Studio Version 17
VisualStudioVersion = 17.14.36623.8
MinimumVisualStudioVersion = 10.0.40219.1
Project("{FAE04EC0-301F-11D3-BF4B-00C04F79EFBC}") = "Question 1", "Question 1\Question 1.csproj", "{C9AB3B56-D485-4780-B2AE-FA6E1F5F388B}"
EndProject
Project("{FAE04EC0-301F-11D3-BF4B-00C04F79EFBC}") = "Question 4", "Question 4\Question 4.csproj", "{80DEB9DB-62F4-48CE-A18B-096C80BF6AB7}"
EndProject
Project("{FAE04EC0-301F-11D3-BF4B-00C04F79EFBC}") = "Question 3", "Question 3\Question 3.csproj", "{F27F613E-1DD0-4B53-AC9F-F774FC649CF8}"
EndProject
Global
	GlobalSection(SolutionConfigurationPlatforms) = preSolution
		Debug|Any CPU = Debug|Any CPU
		Release|Any CPU = Release|Any CPU
	EndGlobalSection
	GlobalSection(ProjectConfigurationPlatforms) = postSolution
		{C9AB3B56-D485-4780-B2AE-FA6E1F5F388B}.Debug|Any CPU.ActiveCfg = Debug|Any CPU
		{C9AB3B56-D485-4780-B2AE-FA6E1F5F388B}.Debug|Any CPU.Build.0 = Debug|Any CPU
		{C9AB3B56-D485-4780-B2AE-FA6E1F5F388B}.Release|Any CPU.ActiveCfg = Release|Any CPU
		{C9AB3B56-D485-4780-B2AE-FA6E1F5F388B}.Release|Any CPU.Build.0 = Release|Any CPU
		{80DEB9DB-62F4-48CE-A18B-096C80BF6AB7}.Debug|Any CPU.ActiveCfg = Debug|Any CPU
		{80DEB9DB-62F4-48CE-A18B-096C80BF6AB7}.Debug|Any CPU.Build.0 = Debug|Any CPU
		{80DEB9DB-62F4-48CE-A18B-096C80BF6AB7}.Release|Any CPU.ActiveCfg = Release|Any CPU
		{80DEB9DB-62F4-48CE-A18B-096C80BF6AB7}.Release|Any CPU.Build.0 = Release|Any CPU
		{F27F613E-1DD0-4B53-AC9F-F774FC649CF8}.Debug|Any CPU.ActiveCfg = Debug|Any CPU
		{F27F613E-1DD0-4B53-AC9F-F774FC649CF8}.Debug|Any CPU.Build.0 = Debug|Any CPU
		{F27F613E-1DD0-4B53-AC9F-F774FC649CF8}.Release|Any CPU.ActiveCfg = Release|Any CPU
		{F27F613E-1DD0-4B53-AC9F-F774FC649CF8}.Release|Any CPU.Build.0 = Release|Any CPU
	EndGlobalSection
	GlobalSection(SolutionProperties) = preSolution
		HideSolutionNode = FALSE
	EndGlobalSection
	GlobalSection(ExtensibilityGlobals) = postSolution
		SolutionGuid = {7AAFB8B2-9506-431F-BE2C-87B22D04BC6A}
	EndGlobalSection
EndGlobal
